// !$*UTF8*$!
{
	archiveVersion = 1;
	classes = {
	};
	objectVersion = 52;
	objects = {

/* Begin PBXBuildFile section */
		D330806C23A3565700DF2BA5 /* AppDelegate.swift in Sources */ = {isa = PBXBuildFile; fileRef = D330806B23A3565700DF2BA5 /* AppDelegate.swift */; };
		D330806E23A3565700DF2BA5 /* SceneDelegate.swift in Sources */ = {isa = PBXBuildFile; fileRef = D330806D23A3565700DF2BA5 /* SceneDelegate.swift */; };
		D330807023A3565700DF2BA5 /* ContentView.swift in Sources */ = {isa = PBXBuildFile; fileRef = D330806F23A3565700DF2BA5 /* ContentView.swift */; };
		D330807223A3565800DF2BA5 /* Assets.xcassets in Resources */ = {isa = PBXBuildFile; fileRef = D330807123A3565800DF2BA5 /* Assets.xcassets */; };
		D330807523A3565800DF2BA5 /* Preview Assets.xcassets in Resources */ = {isa = PBXBuildFile; fileRef = D330807423A3565800DF2BA5 /* Preview Assets.xcassets */; };
		D330807823A3565800DF2BA5 /* LaunchScreen.storyboard in Resources */ = {isa = PBXBuildFile; fileRef = D330807623A3565800DF2BA5 /* LaunchScreen.storyboard */; };
		D330808023A356CC00DF2BA5 /* MainController.swift in Sources */ = {isa = PBXBuildFile; fileRef = D330807F23A356CC00DF2BA5 /* MainController.swift */; };
		D330808323A359D600DF2BA5 /* LBTATools in Frameworks */ = {isa = PBXBuildFile; productRef = D330808223A359D600DF2BA5 /* LBTATools */; };
/* End PBXBuildFile section */

/* Begin PBXFileReference section */
		D330806823A3565700DF2BA5 /* FB2019_lbta.app */ = {isa = PBXFileReference; explicitFileType = wrapper.application; includeInIndex = 0; path = FB2019_lbta.app; sourceTree = BUILT_PRODUCTS_DIR; };
		D330806B23A3565700DF2BA5 /* AppDelegate.swift */ = {isa = PBXFileReference; lastKnownFileType = sourcecode.swift; path = AppDelegate.swift; sourceTree = "<group>"; };
		D330806D23A3565700DF2BA5 /* SceneDelegate.swift */ = {isa = PBXFileReference; lastKnownFileType = sourcecode.swift; path = SceneDelegate.swift; sourceTree = "<group>"; };
		D330806F23A3565700DF2BA5 /* ContentView.swift */ = {isa = PBXFileReference; lastKnownFileType = sourcecode.swift; path = ContentView.swift; sourceTree = "<group>"; };
		D330807123A3565800DF2BA5 /* Assets.xcassets */ = {isa = PBXFileReference; lastKnownFileType = folder.assetcatalog; path = Assets.xcassets; sourceTree = "<group>"; };
		D330807423A3565800DF2BA5 /* Preview Assets.xcassets */ = {isa = PBXFileReference; lastKnownFileType = folder.assetcatalog; path = "Preview Assets.xcassets"; sourceTree = "<group>"; };
		D330807723A3565800DF2BA5 /* Base */ = {isa = PBXFileReference; lastKnownFileType = file.storyboard; name = Base; path = Base.lproj/LaunchScreen.storyboard; sourceTree = "<group>"; };
		D330807923A3565800DF2BA5 /* Info.plist */ = {isa = PBXFileReference; lastKnownFileType = text.plist.xml; path = Info.plist; sourceTree = "<group>"; };
		D330807F23A356CC00DF2BA5 /* MainController.swift */ = {isa = PBXFileReference; lastKnownFileType = sourcecode.swift; path = MainController.swift; sourceTree = "<group>"; };
/* End PBXFileReference section */

/* Begin PBXFrameworksBuildPhase section */
		D330806523A3565700DF2BA5 /* Frameworks */ = {
			isa = PBXFrameworksBuildPhase;
			buildActionMask = 2147483647;
			files = (
				D330808323A359D600DF2BA5 /* LBTATools in Frameworks */,
			);
			runOnlyForDeploymentPostprocessing = 0;
		};
/* End PBXFrameworksBuildPhase section */

/* Begin PBXGroup section */
		D330805F23A3565700DF2BA5 = {
			isa = PBXGroup;
			children = (
				D330806A23A3565700DF2BA5 /* FB2019_lbta */,
				D330806923A3565700DF2BA5 /* Products */,
			);
			sourceTree = "<group>";
		};
		D330806923A3565700DF2BA5 /* Products */ = {
			isa = PBXGroup;
			children = (
				D330806823A3565700DF2BA5 /* FB2019_lbta.app */,
			);
			name = Products;
			sourceTree = "<group>";
		};
		D330806A23A3565700DF2BA5 /* FB2019_lbta */ = {
			isa = PBXGroup;
			children = (
				D330806B23A3565700DF2BA5 /* AppDelegate.swift */,
				D330806D23A3565700DF2BA5 /* SceneDelegate.swift */,
				D330806F23A3565700DF2BA5 /* ContentView.swift */,
				D330807123A3565800DF2BA5 /* Assets.xcassets */,
				D330807623A3565800DF2BA5 /* LaunchScreen.storyboard */,
				D330807923A3565800DF2BA5 /* Info.plist */,
				D330807323A3565800DF2BA5 /* Preview Content */,
				D330807F23A356CC00DF2BA5 /* MainController.swift */,
			);
			path = FB2019_lbta;
			sourceTree = "<group>";
		};
		D330807323A3565800DF2BA5 /* Preview Content */ = {
			isa = PBXGroup;
			children = (
				D330807423A3565800DF2BA5 /* Preview Assets.xcassets */,
			);
			path = "Preview Content";
			sourceTree = "<group>";
		};
/* End PBXGroup section */

/* Begin PBXNativeTarget section */
		D330806723A3565700DF2BA5 /* FB2019_lbta */ = {
			isa = PBXNativeTarget;
			buildConfigurationList = D330807C23A3565800DF2BA5 /* Build configuration list for PBXNativeTarget "FB2019_lbta" */;
			buildPhases = (
				D330806423A3565700DF2BA5 /* Sources */,
				D330806523A3565700DF2BA5 /* Frameworks */,
				D330806623A3565700DF2BA5 /* Resources */,
			);
			buildRules = (
			);
			dependencies = (
			);
			name = FB2019_lbta;
			packageProductDependencies = (
				D330808223A359D600DF2BA5 /* LBTATools */,
			);
			productName = FB2019_lbta;
			productReference = D330806823A3565700DF2BA5 /* FB2019_lbta.app */;
			productType = "com.apple.product-type.application";
		};
/* End PBXNativeTarget section */

/* Begin PBXProject section */
		D330806023A3565700DF2BA5 /* Project object */ = {
			isa = PBXProject;
			attributes = {
				LastSwiftUpdateCheck = 1130;
				LastUpgradeCheck = 1130;
				ORGANIZATIONNAME = "Kaiyuan Zhao";
				TargetAttributes = {
					D330806723A3565700DF2BA5 = {
						CreatedOnToolsVersion = 11.3;
					};
				};
			};
			buildConfigurationList = D330806323A3565700DF2BA5 /* Build configuration list for PBXProject "FB2019_lbta" */;
			compatibilityVersion = "Xcode 9.3";
			developmentRegion = en;
			hasScannedForEncodings = 0;
			knownRegions = (
				en,
				Base,
			);
			mainGroup = D330805F23A3565700DF2BA5;
			packageReferences = (
				D330808123A359D600DF2BA5 /* XCRemoteSwiftPackageReference "LBTATools" */,
			);
			productRefGroup = D330806923A3565700DF2BA5 /* Products */;
			projectDirPath = "";
			projectRoot = "";
			targets = (
				D330806723A3565700DF2BA5 /* FB2019_lbta */,
			);
		};
/* End PBXProject section */

/* Begin PBXResourcesBuildPhase section */
		D330806623A3565700DF2BA5 /* Resources */ = {
			isa = PBXResourcesBuildPhase;
			buildActionMask = 2147483647;
			files = (
				D330807823A3565800DF2BA5 /* LaunchScreen.storyboard in Resources */,
				D330807523A3565800DF2BA5 /* Preview Assets.xcassets in Resources */,
				D330807223A3565800DF2BA5 /* Assets.xcassets in Resources */,
			);
			runOnlyForDeploymentPostprocessing = 0;
		};
/* End PBXResourcesBuildPhase section */

/* Begin PBXSourcesBuildPhase section */
		D330806423A3565700DF2BA5 /* Sources */ = {
			isa = PBXSourcesBuildPhase;
			buildActionMask = 2147483647;
			files = (
				D330808023A356CC00DF2BA5 /* MainController.swift in Sources */,
				D330806C23A3565700DF2BA5 /* AppDelegate.swift in Sources */,
				D330806E23A3565700DF2BA5 /* SceneDelegate.swift in Sources */,
				D330807023A3565700DF2BA5 /* ContentView.swift in Sources */,
			);
			runOnlyForDeploymentPostprocessing = 0;
		};
/* End PBXSourcesBuildPhase section */

/* Begin PBXVariantGroup section */
		D330807623A3565800DF2BA5 /* LaunchScreen.storyboard */ = {
			isa = PBXVariantGroup;
			children = (
				D330807723A3565800DF2BA5 /* Base */,
			);
			name = LaunchScreen.storyboard;
			sourceTree = "<group>";
		};
/* End PBXVariantGroup section */

/* Begin XCBuildConfiguration section */
		D330807A23A3565800DF2BA5 /* Debug */ = {
			isa = XCBuildConfiguration;
			buildSettings = {
				ALWAYS_SEARCH_USER_PATHS = NO;
				CLANG_ANALYZER_NONNULL = YES;
				CLANG_ANALYZER_NUMBER_OBJECT_CONVERSION = YES_AGGRESSIVE;
				CLANG_CXX_LANGUAGE_STANDARD = "gnu++14";
				CLANG_CXX_LIBRARY = "libc++";
				CLANG_ENABLE_MODULES = YES;
				CLANG_ENABLE_OBJC_ARC = YES;
				CLANG_ENABLE_OBJC_WEAK = YES;
				CLANG_WARN_BLOCK_CAPTURE_AUTORELEASING = YES;
				CLANG_WARN_BOOL_CONVERSION = YES;
				CLANG_WARN_COMMA = YES;
				CLANG_WARN_CONSTANT_CONVERSION = YES;
				CLANG_WARN_DEPRECATED_OBJC_IMPLEMENTATIONS = YES;
				CLANG_WARN_DIRECT_OBJC_ISA_USAGE = YES_ERROR;
				CLANG_WARN_DOCUMENTATION_COMMENTS = YES;
				CLANG_WARN_EMPTY_BODY = YES;
				CLANG_WARN_ENUM_CONVERSION = YES;
				CLANG_WARN_INFINITE_RECURSION = YES;
				CLANG_WARN_INT_CONVERSION = YES;
				CLANG_WARN_NON_LITERAL_NULL_CONVERSION = YES;
				CLANG_WARN_OBJC_IMPLICIT_RETAIN_SELF = YES;
				CLANG_WARN_OBJC_LITERAL_CONVERSION = YES;
				CLANG_WARN_OBJC_ROOT_CLASS = YES_ERROR;
				CLANG_WARN_RANGE_LOOP_ANALYSIS = YES;
				CLANG_WARN_STRICT_PROTOTYPES = YES;
				CLANG_WARN_SUSPICIOUS_MOVE = YES;
				CLANG_WARN_UNGUARDED_AVAILABILITY = YES_AGGRESSIVE;
				CLANG_WARN_UNREACHABLE_CODE = YES;
				CLANG_WARN__DUPLICATE_METHOD_MATCH = YES;
				COPY_PHASE_STRIP = NO;
				DEBUG_INFORMATION_FORMAT = dwarf;
				ENABLE_STRICT_OBJC_MSGSEND = YES;
				ENABLE_TESTABILITY = YES;
				GCC_C_LANGUAGE_STANDARD = gnu11;
				GCC_DYNAMIC_NO_PIC = NO;
				GCC_NO_COMMON_BLOCKS = YES;
				GCC_OPTIMIZATION_LEVEL = 0;
				GCC_PREPROCESSOR_DEFINITIONS = (
					"DEBUG=1",
					"$(inherited)",
				);
				GCC_WARN_64_TO_32_BIT_CONVERSION = YES;
				GCC_WARN_ABOUT_RETURN_TYPE = YES_ERROR;
				GCC_WARN_UNDECLARED_SELECTOR = YES;
				GCC_WARN_UNINITIALIZED_AUTOS = YES_AGGRESSIVE;
				GCC_WARN_UNUSED_FUNCTION = YES;
				GCC_WARN_UNUSED_VARIABLE = YES;
				IPHONEOS_DEPLOYMENT_TARGET = 13.2;
				MTL_ENABLE_DEBUG_INFO = INCLUDE_SOURCE;
				MTL_FAST_MATH = YES;
				ONLY_ACTIVE_ARCH = YES;
				SDKROOT = iphoneos;
				SWIFT_ACTIVE_COMPILATION_CONDITIONS = DEBUG;
				SWIFT_OPTIMIZATION_LEVEL = "-Onone";
			};
			name = Debug;
		};
		D330807B23A3565800DF2BA5 /* Release */ = {
			isa = XCBuildConfiguration;
			buildSettings = {
				ALWAYS_SEARCH_USER_PATHS = NO;
				CLANG_ANALYZER_NONNULL = YES;
				CLANG_ANALYZER_NUMBER_OBJECT_CONVERSION = YES_AGGRESSIVE;
				CLANG_CXX_LANGUAGE_STANDARD = "gnu++14";
				CLANG_CXX_LIBRARY = "libc++";
				CLANG_ENABLE_MODULES = YES;
				CLANG_ENABLE_OBJC_ARC = YES;
				CLANG_ENABLE_OBJC_WEAK = YES;
				CLANG_WARN_BLOCK_CAPTURE_AUTORELEASING = YES;
				CLANG_WARN_BOOL_CONVERSION = YES;
				CLANG_WARN_COMMA = YES;
				CLANG_WARN_CONSTANT_CONVERSION = YES;
				CLANG_WARN_DEPRECATED_OBJC_IMPLEMENTATIONS = YES;
				CLANG_WARN_DIRECT_OBJC_ISA_USAGE = YES_ERROR;
				CLANG_WARN_DOCUMENTATION_COMMENTS = YES;
				CLANG_WARN_EMPTY_BODY = YES;
				CLANG_WARN_ENUM_CONVERSION = YES;
				CLANG_WARN_INFINITE_RECURSION = YES;
				CLANG_WARN_INT_CONVERSION = YES;
				CLANG_WARN_NON_LITERAL_NULL_CONVERSION = YES;
				CLANG_WARN_OBJC_IMPLICIT_RETAIN_SELF = YES;
				CLANG_WARN_OBJC_LITERAL_CONVERSION = YES;
				CLANG_WARN_OBJC_ROOT_CLASS = YES_ERROR;
				CLANG_WARN_RANGE_LOOP_ANALYSIS = YES;
				CLANG_WARN_STRICT_PROTOTYPES = YES;
				CLANG_WARN_SUSPICIOUS_MOVE = YES;
				CLANG_WARN_UNGUARDED_AVAILABILITY = YES_AGGRESSIVE;
				CLANG_WARN_UNREACHABLE_CODE = YES;
				CLANG_WARN__DUPLICATE_METHOD_MATCH = YES;
				COPY_PHASE_STRIP = NO;
				DEBUG_INFORMATION_FORMAT = "dwarf-with-dsym";
				ENABLE_NS_ASSERTIONS = NO;
				ENABLE_STRICT_OBJC_MSGSEND = YES;
				GCC_C_LANGUAGE_STANDARD = gnu11;
				GCC_NO_COMMON_BLOCKS = YES;
				GCC_WARN_64_TO_32_BIT_CONVERSION = YES;
				GCC_WARN_ABOUT_RETURN_TYPE = YES_ERROR;
				GCC_WARN_UNDECLARED_SELECTOR = YES;
				GCC_WARN_UNINITIALIZED_AUTOS = YES_AGGRESSIVE;
				GCC_WARN_UNUSED_FUNCTION = YES;
				GCC_WARN_UNUSED_VARIABLE = YES;
				IPHONEOS_DEPLOYMENT_TARGET = 13.2;
				MTL_ENABLE_DEBUG_INFO = NO;
				MTL_FAST_MATH = YES;
				SDKROOT = iphoneos;
				SWIFT_COMPILATION_MODE = wholemodule;
				SWIFT_OPTIMIZATION_LEVEL = "-O";
				VALIDATE_PRODUCT = YES;
			};
			name = Release;
		};
		D330807D23A3565800DF2BA5 /* Debug */ = {
			isa = XCBuildConfiguration;
			buildSettings = {
				ASSETCATALOG_COMPILER_APPICON_NAME = AppIcon;
				CODE_SIGN_STYLE = Automatic;
				DEVELOPMENT_ASSET_PATHS = "\"FB2019_lbta/Preview Content\"";
				DEVELOPMENT_TEAM = PT83WQK97A;
				ENABLE_PREVIEWS = YES;
				INFOPLIST_FILE = FB2019_lbta/Info.plist;
				LD_RUNPATH_SEARCH_PATHS = (
					"$(inherited)",
					"@executable_path/Frameworks",
				);
				PRODUCT_BUNDLE_IDENTIFIER = "Northeastern.FB2019-lbta";
				PRODUCT_NAME = "$(TARGET_NAME)";
				SWIFT_VERSION = 5.0;
				TARGETED_DEVICE_FAMILY = "1,2";
			};
			name = Debug;
		};
		D330807E23A3565800DF2BA5 /* Release */ = {
			isa = XCBuildConfiguration;
			buildSettings = {
				ASSETCATALOG_COMPILER_APPICON_NAME = AppIcon;
				CODE_SIGN_STYLE = Automatic;
				DEVELOPMENT_ASSET_PATHS = "\"FB2019_lbta/Preview Content\"";
				DEVELOPMENT_TEAM = PT83WQK97A;
				ENABLE_PREVIEWS = YES;
				INFOPLIST_FILE = FB2019_lbta/Info.plist;
				LD_RUNPATH_SEARCH_PATHS = (
					"$(inherited)",
					"@executable_path/Frameworks",
				);
				PRODUCT_BUNDLE_IDENTIFIER = "Northeastern.FB2019-lbta";
				PRODUCT_NAME = "$(TARGET_NAME)";
				SWIFT_VERSION = 5.0;
				TARGETED_DEVICE_FAMILY = "1,2";
			};
			name = Release;
		};
/* End XCBuildConfiguration section */

/* Begin XCConfigurationList section */
		D330806323A3565700DF2BA5 /* Build configuration list for PBXProject "FB2019_lbta" */ = {
			isa = XCConfigurationList;
			buildConfigurations = (
				D330807A23A3565800DF2BA5 /* Debug */,
				D330807B23A3565800DF2BA5 /* Release */,
			);
			defaultConfigurationIsVisible = 0;
			defaultConfigurationName = Release;
		};
		D330807C23A3565800DF2BA5 /* Build configuration list for PBXNativeTarget "FB2019_lbta" */ = {
			isa = XCConfigurationList;
			buildConfigurations = (
				D330807D23A3565800DF2BA5 /* Debug */,
				D330807E23A3565800DF2BA5 /* Release */,
			);
			defaultConfigurationIsVisible = 0;
			defaultConfigurationName = Release;
		};
/* End XCConfigurationList section */

/* Begin XCRemoteSwiftPackageReference section */
		D330808123A359D600DF2BA5 /* XCRemoteSwiftPackageReference "LBTATools" */ = {
			isa = XCRemoteSwiftPackageReference;
			repositoryURL = "https://github.com/bhlvoong/LBTATools.git";
			requirement = {
				kind = upToNextMajorVersion;
				minimumVersion = 1.0.17;
			};
		};
/* End XCRemoteSwiftPackageReference section */

/* Begin XCSwiftPackageProductDependency section */
		D330808223A359D600DF2BA5 /* LBTATools */ = {
			isa = XCSwiftPackageProductDependency;
			package = D330808123A359D600DF2BA5 /* XCRemoteSwiftPackageReference "LBTATools" */;
			productName = LBTATools;
		};
/* End XCSwiftPackageProductDependency section */
	};
	rootObject = D330806023A3565700DF2BA5 /* Project object */;
}
